<Solution>
  <Folder Name="/src/">
    <Project Path="src/Orders.Api/Orders.Api.csproj" />
    <Project Path="src/Orders.Contracts/Orders.Contracts.csproj" />
    <Project Path="src/Orders.Domain/Orders.Domain.csproj" />
    <Project Path="src/Orders.Infrastructure/Orders.Infrastructure.csproj" />
    <Project Path="src/Orders.Worker/Orders.Worker.csproj" />
  </Folder>
  <Folder Name="/tests/">
    <Project Path="tests/Orders.IntegrationTests/Orders.IntegrationTests.csproj" />
    <Project Path="tests/Orders.UnitTests/Orders.UnitTests.csproj" />
  </Folder>
</Solution>
